
Microsoft Visual Studio Solution File, Format Version 12.00
# Visual Studio Version 16
VisualStudioVersion = 16.0.30114.105
MinimumVisualStudioVersion = 10.0.40219.1
Project("{FAE04EC0-301F-11D3-BF4B-00C04F79EFBC}") = "Model", "Model\Model.csproj", "{3625CCBA-CA04-42ED-B72D-6435415F78E5}"
EndProject
Project("{FAE04EC0-301F-11D3-BF4B-00C04F79EFBC}") = "BL", "BL\BL.csproj", "{FE1DE4BB-3BD4-4796-841C-B57001888C3E}"
EndProject
Project("{FAE04EC0-301F-11D3-BF4B-00C04F79EFBC}") = "DL", "DL\DL.csproj", "{48679A4E-A09E-4636-B8C8-CC5AC2E805CA}"
EndProject
Project("{FAE04EC0-301F-11D3-BF4B-00C04F79EFBC}") = "Test", "Test\Test.csproj", "{DA8E572C-CBFD-4877-9F4D-E2277DF85B8A}"
EndProject
Project("{FAE04EC0-301F-11D3-BF4B-00C04F79EFBC}") = "APIPortal", "APIPortal\APIPortal.csproj", "{98B0C85B-12EA-4F18-A21E-CA7A3C674BA3}"
EndProject
Global
	GlobalSection(SolutionConfigurationPlatforms) = preSolution
		Debug|Any CPU = Debug|Any CPU
		Release|Any CPU = Release|Any CPU
	EndGlobalSection
	GlobalSection(SolutionProperties) = preSolution
		HideSolutionNode = FALSE
	EndGlobalSection
	GlobalSection(ProjectConfigurationPlatforms) = postSolution
		{3625CCBA-CA04-42ED-B72D-6435415F78E5}.Debug|Any CPU.ActiveCfg = Debug|Any CPU
		{3625CCBA-CA04-42ED-B72D-6435415F78E5}.Debug|Any CPU.Build.0 = Debug|Any CPU
		{3625CCBA-CA04-42ED-B72D-6435415F78E5}.Release|Any CPU.ActiveCfg = Release|Any CPU
		{3625CCBA-CA04-42ED-B72D-6435415F78E5}.Release|Any CPU.Build.0 = Release|Any CPU
		{FE1DE4BB-3BD4-4796-841C-B57001888C3E}.Debug|Any CPU.ActiveCfg = Debug|Any CPU
		{FE1DE4BB-3BD4-4796-841C-B57001888C3E}.Debug|Any CPU.Build.0 = Debug|Any CPU
		{FE1DE4BB-3BD4-4796-841C-B57001888C3E}.Release|Any CPU.ActiveCfg = Release|Any CPU
		{FE1DE4BB-3BD4-4796-841C-B57001888C3E}.Release|Any CPU.Build.0 = Release|Any CPU
		{48679A4E-A09E-4636-B8C8-CC5AC2E805CA}.Debug|Any CPU.ActiveCfg = Debug|Any CPU
		{48679A4E-A09E-4636-B8C8-CC5AC2E805CA}.Debug|Any CPU.Build.0 = Debug|Any CPU
		{48679A4E-A09E-4636-B8C8-CC5AC2E805CA}.Release|Any CPU.ActiveCfg = Release|Any CPU
		{48679A4E-A09E-4636-B8C8-CC5AC2E805CA}.Release|Any CPU.Build.0 = Release|Any CPU
		{DA8E572C-CBFD-4877-9F4D-E2277DF85B8A}.Debug|Any CPU.ActiveCfg = Debug|Any CPU
		{DA8E572C-CBFD-4877-9F4D-E2277DF85B8A}.Debug|Any CPU.Build.0 = Debug|Any CPU
		{DA8E572C-CBFD-4877-9F4D-E2277DF85B8A}.Release|Any CPU.ActiveCfg = Release|Any CPU
		{DA8E572C-CBFD-4877-9F4D-E2277DF85B8A}.Release|Any CPU.Build.0 = Release|Any CPU
		{98B0C85B-12EA-4F18-A21E-CA7A3C674BA3}.Debug|Any CPU.ActiveCfg = Debug|Any CPU
		{98B0C85B-12EA-4F18-A21E-CA7A3C674BA3}.Debug|Any CPU.Build.0 = Debug|Any CPU
		{98B0C85B-12EA-4F18-A21E-CA7A3C674BA3}.Release|Any CPU.ActiveCfg = Release|Any CPU
		{98B0C85B-12EA-4F18-A21E-CA7A3C674BA3}.Release|Any CPU.Build.0 = Release|Any CPU
	EndGlobalSection
EndGlobal
